
Microsoft Visual Studio Solution File, Format Version 12.00
# Visual Studio 2012
Project("{FAE04EC0-301F-11D3-BF4B-00C04F79EFBC}") = "jacket", "jacket\jacket.csproj", "{A447EC0B-5CCB-4F12-ADD9-44F78B3FE769}"
EndProject
Project("{FAE04EC0-301F-11D3-BF4B-00C04F79EFBC}") = "Tests", "Tests\Tests.csproj", "{A36DC5D4-6BBF-4EDC-AEAB-5CAF507E64C1}"
EndProject
Global
	GlobalSection(SolutionConfigurationPlatforms) = preSolution
		Debug|Any CPU = Debug|Any CPU
		Release|Any CPU = Release|Any CPU
	EndGlobalSection
	GlobalSection(ProjectConfigurationPlatforms) = postSolution
		{A447EC0B-5CCB-4F12-ADD9-44F78B3FE769}.Debug|Any CPU.ActiveCfg = Debug|Any CPU
		{A447EC0B-5CCB-4F12-ADD9-44F78B3FE769}.Debug|Any CPU.Build.0 = Debug|Any CPU
		{A447EC0B-5CCB-4F12-ADD9-44F78B3FE769}.Release|Any CPU.ActiveCfg = Release|Any CPU
		{A447EC0B-5CCB-4F12-ADD9-44F78B3FE769}.Release|Any CPU.Build.0 = Release|Any CPU
		{A36DC5D4-6BBF-4EDC-AEAB-5CAF507E64C1}.Debug|Any CPU.ActiveCfg = Debug|Any CPU
		{A36DC5D4-6BBF-4EDC-AEAB-5CAF507E64C1}.Debug|Any CPU.Build.0 = Debug|Any CPU
		{A36DC5D4-6BBF-4EDC-AEAB-5CAF507E64C1}.Release|Any CPU.ActiveCfg = Release|Any CPU
		{A36DC5D4-6BBF-4EDC-AEAB-5CAF507E64C1}.Release|Any CPU.Build.0 = Release|Any CPU
	EndGlobalSection
	GlobalSection(SolutionProperties) = preSolution
		HideSolutionNode = FALSE
	EndGlobalSection
EndGlobal
